{
  "name": "method-generator",
  "version": "1.0.0",
  "lockfileVersion": 1,
  "requires": true,
  "dependencies": {
    "basic-data-handling": {
      "version": "1.0.7",
      "resolved": "https://registry.npmjs.org/basic-data-handling/-/basic-data-handling-1.0.7.tgz",
      "integrity": "sha512-WViSVG0YXHZ1t3aCxjArAGcnS3RlXaLfEVQA/36m+WBLQQUlq3tYgNYi4B3Bjd5AVWyKYI3eJDMZeXlxsbMqew=="
    },
    "intuitive-array-handlers": {
      "version": "1.0.0",
      "resolved": "https://registry.npmjs.org/intuitive-array-handlers/-/intuitive-array-handlers-1.0.0.tgz",
      "integrity": "sha512-AatwAJFhPRSJqVEYpMMZt8Y1+0kCmBMj6EtP2XDMn1lP5l2BxncVXIBR+NPB3ANe08W+WvGGy9pDBsdKuu253w==",
      "requires": {
        "basic-data-handling": "^1.0.7"
      }
    },
    "intuitive-number-handlers": {
      "version": "1.0.2",
      "resolved": "https://registry.npmjs.org/intuitive-number-handlers/-/intuitive-number-handlers-1.0.2.tgz",
      "integrity": "sha512-2RTBpNaOhu+HpJPEU3ekzNpzFnBtte/axo+KgYgvgYvz6LSWvknTPRydMypNZnV1NH7Cqi9sciMI9IdEcE9EAw==",
      "requires": {
        "basic-data-handling": "^1.0.7"
      }
    },
    "intuitive-object-handlers": {
      "version": "1.0.0",
      "resolved": "https://registry.npmjs.org/intuitive-object-handlers/-/intuitive-object-handlers-1.0.0.tgz",
      "integrity": "sha512-gVkfC5vNTbABCldNAMrn5iJc4VDBa7m5Y5w21EW6jJdzkHxMLZe1i4VmpGHhataK8d9iZ7zexaJIul3LI3i7aQ==",
      "requires": {
        "basic-data-handling": "^1.0.7",
        "intuitive-array-handlers": "^1.0.0",
        "intuitive-number-handlers": "^1.0.2"
      }
    },
    "self-identifiable": {
      "version": "1.0.1",
      "resolved": "https://registry.npmjs.org/self-identifiable/-/self-identifiable-1.0.1.tgz",
      "integrity": "sha512-I3Rvcu0CKKBbRZJ/rS1PGY5vc/DFDW9/ioYNgPueR5bMds/qdpDMHNhlYT9fb7nDms6X6k3F5lJAL9j7M17pbQ=="
    }
  }
}
